
Microsoft Visual Studio Solution File, Format Version 12.00
# Visual Studio Version 16
VisualStudioVersion = 16.0.29911.84
MinimumVisualStudioVersion = 10.0.40219.1
Project("{FAE04EC0-301F-11D3-BF4B-00C04F79EFBC}") = "ServiceForWorkingWithApartmentBuilding", "ServiceForWorkingWithApartmentBuilding\ServiceForWorkingWithApartmentBuilding.csproj", "{4C7E91DF-CE6A-4A4D-BD3F-2080E1782DB8}"
EndProject
Project("{FAE04EC0-301F-11D3-BF4B-00C04F79EFBC}") = "Domain", "Domain\Domain.csproj", "{5648205D-C6F9-467E-8DB6-E8E950E0DE9E}"
EndProject
Project("{FAE04EC0-301F-11D3-BF4B-00C04F79EFBC}") = "Infrastructure", "Infrastructure\Infrastructure.csproj", "{5880C0D8-1529-4DBA-8791-56A0D8C32C46}"
EndProject
Global
	GlobalSection(SolutionConfigurationPlatforms) = preSolution
		Debug|Any CPU = Debug|Any CPU
		Release|Any CPU = Release|Any CPU
	EndGlobalSection
	GlobalSection(ProjectConfigurationPlatforms) = postSolution
		{4C7E91DF-CE6A-4A4D-BD3F-2080E1782DB8}.Debug|Any CPU.ActiveCfg = Debug|Any CPU
		{4C7E91DF-CE6A-4A4D-BD3F-2080E1782DB8}.Debug|Any CPU.Build.0 = Debug|Any CPU
		{4C7E91DF-CE6A-4A4D-BD3F-2080E1782DB8}.Release|Any CPU.ActiveCfg = Release|Any CPU
		{4C7E91DF-CE6A-4A4D-BD3F-2080E1782DB8}.Release|Any CPU.Build.0 = Release|Any CPU
		{5648205D-C6F9-467E-8DB6-E8E950E0DE9E}.Debug|Any CPU.ActiveCfg = Debug|Any CPU
		{5648205D-C6F9-467E-8DB6-E8E950E0DE9E}.Debug|Any CPU.Build.0 = Debug|Any CPU
		{5648205D-C6F9-467E-8DB6-E8E950E0DE9E}.Release|Any CPU.ActiveCfg = Release|Any CPU
		{5648205D-C6F9-467E-8DB6-E8E950E0DE9E}.Release|Any CPU.Build.0 = Release|Any CPU
		{5880C0D8-1529-4DBA-8791-56A0D8C32C46}.Debug|Any CPU.ActiveCfg = Debug|Any CPU
		{5880C0D8-1529-4DBA-8791-56A0D8C32C46}.Debug|Any CPU.Build.0 = Debug|Any CPU
		{5880C0D8-1529-4DBA-8791-56A0D8C32C46}.Release|Any CPU.ActiveCfg = Release|Any CPU
		{5880C0D8-1529-4DBA-8791-56A0D8C32C46}.Release|Any CPU.Build.0 = Release|Any CPU
	EndGlobalSection
	GlobalSection(SolutionProperties) = preSolution
		HideSolutionNode = FALSE
	EndGlobalSection
	GlobalSection(ExtensibilityGlobals) = postSolution
		SolutionGuid = {C44E4386-91B9-4489-8112-91943FCE237D}
	EndGlobalSection
EndGlobal
